{
  "version": 4,
  "terraform_version": "1.5.7",
  "serial": 19,
  "lineage": "b5075010-9223-b7e1-2003-4f9c973ad611",
  "outputs": {},
  "resources": [
    {
      "mode": "managed",
      "type": "google_container_cluster",
      "name": "default",
      "provider": "provider[\"registry.terraform.io/hashicorp/google\"]",
      "instances": [
        {
          "schema_version": 2,
          "attributes": {
            "addons_config": [
              {
                "cloudrun_config": [],
                "config_connector_config": [],
                "dns_cache_config": [],
                "gce_persistent_disk_csi_driver_config": [
                  {
                    "enabled": true
                  }
                ],
                "gcp_filestore_csi_driver_config": [],
                "gcs_fuse_csi_driver_config": [],
                "gke_backup_agent_config": [],
                "horizontal_pod_autoscaling": [],
                "http_load_balancing": [],
                "network_policy_config": [
                  {
                    "disabled": true
                  }
                ]
              }
            ],
            "allow_net_admin": null,
            "authenticator_groups_config": [],
            "binary_authorization": [
              {
                "enabled": false,
                "evaluation_mode": ""
              }
            ],
            "cluster_autoscaling": [
              {
                "auto_provisioning_defaults": [],
                "enabled": false,
                "resource_limits": []
              }
            ],
            "cluster_ipv4_cidr": "10.76.0.0/14",
            "confidential_nodes": [],
            "cost_management_config": [],
            "database_encryption": [
              {
                "key_name": "",
                "state": "DECRYPTED"
              }
            ],
            "datapath_provider": "",
            "default_max_pods_per_node": 110,
            "default_snat_status": [
              {
                "disabled": false
              }
            ],
            "deletion_protection": true,
            "description": "ftptomongo-cluster",
            "dns_config": [],
            "enable_autopilot": false,
            "enable_intranode_visibility": false,
            "enable_k8s_beta_apis": [],
            "enable_kubernetes_alpha": false,
            "enable_l4_ilb_subsetting": false,
            "enable_legacy_abac": false,
            "enable_shielded_nodes": true,
            "enable_tpu": false,
            "endpoint": "34.38.25.213",
            "gateway_api_config": [],
            "id": "projects/smooth-verve-400915/locations/europe-west1/clusters/ftptomongo-cluster",
            "initial_node_count": 1,
            "ip_allocation_policy": [
              {
                "additional_pod_ranges_config": [],
                "cluster_ipv4_cidr_block": "10.76.0.0/14",
                "cluster_secondary_range_name": "gke-ftptomongo-cluster-pods-becb7ba8",
                "pod_cidr_overprovision_config": [
                  {
                    "disabled": false
                  }
                ],
                "services_ipv4_cidr_block": "10.80.0.0/20",
                "services_secondary_range_name": "gke-ftptomongo-cluster-services-becb7ba8",
                "stack_type": "IPV4"
              }
            ],
            "label_fingerprint": "a9dc16a7",
            "location": "europe-west1",
            "logging_config": [
              {
                "enable_components": [
                  "SYSTEM_COMPONENTS",
                  "WORKLOADS"
                ]
              }
            ],
            "logging_service": "logging.googleapis.com/kubernetes",
            "maintenance_policy": [],
            "master_auth": [
              {
                "client_certificate": "",
                "client_certificate_config": [
                  {
                    "issue_client_certificate": false
                  }
                ],
                "client_key": "",
                "cluster_ca_certificate": "LS0tLS1CRUdJTiBDRVJUSUZJQ0FURS0tLS0tCk1JSUVMVENDQXBXZ0F3SUJBZ0lSQU9RK0Q4NHFkMGl5Sm9UU2RtM1pObmd3RFFZSktvWklodmNOQVFFTEJRQXcKTHpFdE1Dc0dBMVVFQXhNa01EazNaalExWkRFdE5qazFZaTAwTUdZMkxUZ3hZVEV0WlRFME1HVmhZalF3TnpZegpNQ0FYRFRJek1UQXdPREl3TkRVek9Wb1lEekl3TlRNd09UTXdNakUwTlRNNVdqQXZNUzB3S3dZRFZRUURFeVF3Ck9UZG1ORFZrTVMwMk9UVmlMVFF3WmpZdE9ERmhNUzFsTVRRd1pXRmlOREEzTmpNd2dnR2lNQTBHQ1NxR1NJYjMKRFFFQkFRVUFBNElCandBd2dnR0tBb0lCZ1FDc2NkekN2ZTNhVlMxZ3pONTZrL3BKQjBaUlg1WWlCOStEcnRpbwpTS2RnbFVNcWY2ODNYOW5Oc0V4R1RRNVFLaDNOUHpaai8ySHcyR2dPUTEvUzdtbHVxcDVOa05UVXVqMzE3enR1Cm9jSVpuV1d2TDVpVFZJNlA2ZjlqOVp3dS8wT3d0eXpRUC9XSzJnWUU2R3IrejR6Rk5kNEZvVWlIYjlvVFRVb2YKcWs3V3JmTFFqSVdDcm1BVzdYeDhmeC9oM2VFUFRGSWpKQTdsamhRaU5UbmdoaC9zLy81ZUNBeHl6dE9HaFlpYgpmaHFleXJma1ZiTEM4OEpLMU16WUUvdEE2M2l6ZG82UUFOTkwvbVE3eXNVNEpBT1hqa0w2Z1hTNG82WExaeHIrCnVqTVpvOGQxbitXUDFmMjFYYnkxb2NUS0J3ZXF3N3p3alo2eXN5VTgzdXZ2SU8yK3NxTmNxSjFwQnBKNVFQZUkKSnp6cEhMaUJPd0x2S2FnOWtWWXVmcHNnazJMcjN2RjBHa00vQWpLcUs4eW5DMjJvdEJXTHVsSWRzSzdqUk5LSwozc09ndkpDRkNCZVNvTUtwZ1padmlkaU4wUUZWby8xeHIzUmtsL2I1SHpNNmtOckhJYjdqdE5Mc0FmQ2R1S2xrCkhRdStUditGRW5KSjdtMjhEUHR6RmEzaWg5OENBd0VBQWFOQ01FQXdEZ1lEVlIwUEFRSC9CQVFEQWdJRU1BOEcKQTFVZEV3RUIvd1FGTUFNQkFmOHdIUVlEVlIwT0JCWUVGSi9BQ0ZEWFg2aEE4b3JrRGdSOHpNby9oUklVTUEwRwpDU3FHU0liM0RRRUJDd1VBQTRJQmdRQXRQamt1S1hML0RnK29oRkVPK0Q0aWN5ZTQwT2hBeEhUOWhFM3E0Z0c3Cm9IOWdLT1pFcE9yWFI0MHBSS1B4UXpEWkFFbmFTVU82WVYyUVdsbkxMbWlwdXhKTnRRYjBEVzNWV2tjcWJ0SSsKSkhQc2ZBWlZTMXExUnlrbit3cy9mNVlrV2MveTR2a09PTnBTSjdDc0kyenFEamY0U2R2Mk4yNHY0VVhwVHhVdgpUaTk4YW0vYW9GVEUwOURiUXRUZXFZNDFTTG5Va1RHU3M4eFE3YzZnMzZ3OExYRmI0V2kza0pBRkpXK3pRR0w5CnRIbWM4cDJEY1M2VlkraTdPSGUycXRCQXczNUZWV2tWOXF6TW15R2RkQlFWMi9QWTFvZXo3bW5mOVBCTWtPZjAKQWd3ZEFYMkNNODJpNUpGOFBuK3hxTnk1S0dKczdzaXIwNGtpazU0RXBKY3paR0NCMnF6TEtSOUxkaytGeE9RbwppTVRiMEp5UW9nV1orSnUxRHpaMW1nb3NrdzZpQVJieG5XY1FVSmlNQWNJUTdmNVd3ckN6aGxJZXZaZjQ4NnJMCjRaUkp5RWMyZTBvRWt1aC95VmtEenkvdFF0RXNjNHMwUVJjb2Fza2RucXBqdXdHMUN3TFlQRml3U29JTFdEeXYKVFd5SW5BdmJPdXMxUFBOZDRtY3J6ZDg9Ci0tLS0tRU5EIENFUlRJRklDQVRFLS0tLS0K"
              }
            ],
            "master_authorized_networks_config": [],
            "master_version": "1.27.3-gke.100",
            "mesh_certificates": [],
            "min_master_version": null,
            "monitoring_config": [
              {
                "advanced_datapath_observability_config": [
                  {
                    "enable_metrics": false,
                    "relay_mode": "DISABLED"
                  }
                ],
                "enable_components": [
                  "SYSTEM_COMPONENTS"
                ],
                "managed_prometheus": [
                  {
                    "enabled": true
                  }
                ]
              }
            ],
            "monitoring_service": "monitoring.googleapis.com/kubernetes",
            "name": "ftptomongo-cluster",
            "network": "projects/smooth-verve-400915/global/networks/default",
            "network_policy": [
              {
                "enabled": false,
                "provider": "PROVIDER_UNSPECIFIED"
              }
            ],
            "networking_mode": "VPC_NATIVE",
            "node_config": [
              {
                "advanced_machine_features": [],
                "boot_disk_kms_key": "",
                "confidential_nodes": [],
                "disk_size_gb": 100,
                "disk_type": "pd-balanced",
                "effective_taints": [],
                "ephemeral_storage_local_ssd_config": [],
                "fast_socket": [],
                "gcfs_config": [],
                "guest_accelerator": [],
                "gvnic": [],
                "host_maintenance_policy": [],
                "image_type": "COS_CONTAINERD",
                "kubelet_config": [],
                "labels": {},
                "linux_node_config": [],
                "local_nvme_ssd_block_config": [],
                "local_ssd_count": 0,
                "logging_variant": "DEFAULT",
                "machine_type": "g1-small",
                "metadata": {
                  "disable-legacy-endpoints": "true"
                },
                "min_cpu_platform": "",
                "node_group": "",
                "oauth_scopes": [
                  "https://www.googleapis.com/auth/logging.write",
                  "https://www.googleapis.com/auth/monitoring"
                ],
                "preemptible": true,
                "reservation_affinity": [],
                "resource_labels": {},
                "service_account": "default",
                "shielded_instance_config": [
                  {
                    "enable_integrity_monitoring": true,
                    "enable_secure_boot": false
                  }
                ],
                "sole_tenant_config": [],
                "spot": false,
                "tags": [],
                "taint": [],
                "workload_metadata_config": []
              }
            ],
            "node_locations": [
              "europe-west1-b",
              "europe-west1-c",
              "europe-west1-d"
            ],
            "node_pool": [
              {
                "autoscaling": [],
                "initial_node_count": 1,
                "instance_group_urls": [
                  "https://www.googleapis.com/compute/v1/projects/smooth-verve-400915/zones/europe-west1-b/instanceGroupManagers/gke-ftptomongo-clust-ftptomongo-clust-aef15768-grp",
                  "https://www.googleapis.com/compute/v1/projects/smooth-verve-400915/zones/europe-west1-c/instanceGroupManagers/gke-ftptomongo-clust-ftptomongo-clust-633f6cbc-grp",
                  "https://www.googleapis.com/compute/v1/projects/smooth-verve-400915/zones/europe-west1-d/instanceGroupManagers/gke-ftptomongo-clust-ftptomongo-clust-f2e6eff9-grp"
                ],
                "managed_instance_group_urls": [
                  "https://www.googleapis.com/compute/v1/projects/smooth-verve-400915/zones/europe-west1-b/instanceGroups/gke-ftptomongo-clust-ftptomongo-clust-aef15768-grp",
                  "https://www.googleapis.com/compute/v1/projects/smooth-verve-400915/zones/europe-west1-c/instanceGroups/gke-ftptomongo-clust-ftptomongo-clust-633f6cbc-grp",
                  "https://www.googleapis.com/compute/v1/projects/smooth-verve-400915/zones/europe-west1-d/instanceGroups/gke-ftptomongo-clust-ftptomongo-clust-f2e6eff9-grp"
                ],
                "management": [
                  {
                    "auto_repair": true,
                    "auto_upgrade": true
                  }
                ],
                "max_pods_per_node": 110,
                "name": "ftptomongo-cluster-node-pool",
                "name_prefix": "",
                "network_config": [
                  {
                    "create_pod_range": false,
                    "enable_private_nodes": false,
                    "pod_cidr_overprovision_config": [],
                    "pod_ipv4_cidr_block": "10.76.0.0/14",
                    "pod_range": "gke-ftptomongo-cluster-pods-becb7ba8"
                  }
                ],
                "node_config": [
                  {
                    "advanced_machine_features": [],
                    "boot_disk_kms_key": "",
                    "confidential_nodes": [],
                    "disk_size_gb": 100,
                    "disk_type": "pd-balanced",
                    "effective_taints": [],
                    "ephemeral_storage_local_ssd_config": [],
                    "fast_socket": [],
                    "gcfs_config": [],
                    "guest_accelerator": [],
                    "gvnic": [],
                    "host_maintenance_policy": [],
                    "image_type": "COS_CONTAINERD",
                    "kubelet_config": [],
                    "labels": {},
                    "linux_node_config": [],
                    "local_nvme_ssd_block_config": [],
                    "local_ssd_count": 0,
                    "logging_variant": "DEFAULT",
                    "machine_type": "g1-small",
                    "metadata": {
                      "disable-legacy-endpoints": "true"
                    },
                    "min_cpu_platform": "",
                    "node_group": "",
                    "oauth_scopes": [
                      "https://www.googleapis.com/auth/logging.write",
                      "https://www.googleapis.com/auth/monitoring"
                    ],
                    "preemptible": true,
                    "reservation_affinity": [],
                    "resource_labels": {},
                    "service_account": "default",
                    "shielded_instance_config": [
                      {
                        "enable_integrity_monitoring": true,
                        "enable_secure_boot": false
                      }
                    ],
                    "sole_tenant_config": [],
                    "spot": false,
                    "tags": [],
                    "taint": [],
                    "workload_metadata_config": []
                  }
                ],
                "node_count": 1,
                "node_locations": [
                  "europe-west1-b",
                  "europe-west1-c",
                  "europe-west1-d"
                ],
                "placement_policy": [],
                "upgrade_settings": [
                  {
                    "blue_green_settings": [],
                    "max_surge": 1,
                    "max_unavailable": 0,
                    "strategy": "SURGE"
                  }
                ],
                "version": "1.27.3-gke.100"
              }
            ],
            "node_pool_auto_config": [],
            "node_pool_defaults": [
              {
                "node_config_defaults": [
                  {
                    "logging_variant": "DEFAULT"
                  }
                ]
              }
            ],
            "node_version": "1.27.3-gke.100",
            "notification_config": [
              {
                "pubsub": [
                  {
                    "enabled": false,
                    "filter": [],
                    "topic": ""
                  }
                ]
              }
            ],
            "operation": null,
            "private_cluster_config": [
              {
                "enable_private_endpoint": false,
                "enable_private_nodes": false,
                "master_global_access_config": [
                  {
                    "enabled": false
                  }
                ],
                "master_ipv4_cidr_block": "",
                "peering_name": "",
                "private_endpoint": "10.132.0.13",
                "private_endpoint_subnetwork": "",
                "public_endpoint": "34.38.25.213"
              }
            ],
            "private_ipv6_google_access": "",
            "project": "smooth-verve-400915",
            "release_channel": [
              {
                "channel": "REGULAR"
              }
            ],
            "remove_default_node_pool": true,
            "resource_labels": {},
            "resource_usage_export_config": [],
            "security_posture_config": [
              {
                "mode": "BASIC",
                "vulnerability_mode": "VULNERABILITY_MODE_UNSPECIFIED"
              }
            ],
            "self_link": "https://container.googleapis.com/v1/projects/smooth-verve-400915/locations/europe-west1/clusters/ftptomongo-cluster",
            "service_external_ips_config": [
              {
                "enabled": false
              }
            ],
            "services_ipv4_cidr": "10.80.0.0/20",
            "subnetwork": "projects/smooth-verve-400915/regions/europe-west1/subnetworks/default",
            "timeouts": null,
            "tpu_ipv4_cidr_block": "",
            "vertical_pod_autoscaling": [],
            "workload_identity_config": []
          },
          "sensitive_attributes": [],
          "private": "eyJlMmJmYjczMC1lY2FhLTExZTYtOGY4OC0zNDM2M2JjN2M0YzAiOnsiY3JlYXRlIjoyNDAwMDAwMDAwMDAwLCJkZWxldGUiOjI0MDAwMDAwMDAwMDAsInJlYWQiOjI0MDAwMDAwMDAwMDAsInVwZGF0ZSI6MzYwMDAwMDAwMDAwMH0sInNjaGVtYV92ZXJzaW9uIjoiMiJ9"
        }
      ]
    }
  ],
  "check_results": null
}
